// !$*UTF8*$!
{
	archiveVersion = 1;
	classes = {
	};
	objectVersion = 77;
	objects = {

/* Begin PBXContainerItemProxy section */
		F02E2CE12D56E49C0039D762 /* PBXContainerItemProxy */ = {
			isa = PBXContainerItemProxy;
			containerPortal = F02E2CC72D56E49B0039D762 /* Project object */;
			proxyType = 1;
			remoteGlobalIDString = F02E2CCE2D56E49B0039D762;
			remoteInfo = ClipStack;
		};
		F02E2CEB2D56E49C0039D762 /* PBXContainerItemProxy */ = {
			isa = PBXContainerItemProxy;
			containerPortal = F02E2CC72D56E49B0039D762 /* Project object */;
			proxyType = 1;
			remoteGlobalIDString = F02E2CCE2D56E49B0039D762;
			remoteInfo = ClipStack;
		};
/* End PBXContainerItemProxy section */

/* Begin PBXFileReference section */
		F02E2CCF2D56E49B0039D762 /* ClipStack.app */ = {isa = PBXFileReference; explicitFileType = wrapper.application; includeInIndex = 0; path = ClipStack.app; sourceTree = BUILT_PRODUCTS_DIR; };
		F02E2CE02D56E49C0039D762 /* ClipStackTests.xctest */ = {isa = PBXFileReference; explicitFileType = wrapper.cfbundle; includeInIndex = 0; path = ClipStackTests.xctest; sourceTree = BUILT_PRODUCTS_DIR; };
		F02E2CEA2D56E49C0039D762 /* ClipStackUITests.xctest */ = {isa = PBXFileReference; explicitFileType = wrapper.cfbundle; includeInIndex = 0; path = ClipStackUITests.xctest; sourceTree = BUILT_PRODUCTS_DIR; };
/* End PBXFileReference section */

/* Begin PBXFileSystemSynchronizedRootGroup section */
		F02E2CD12D56E49B0039D762 /* ClipStack */ = {
			isa = PBXFileSystemSynchronizedRootGroup;
			path = ClipStack;
			sourceTree = "<group>";
		};
		F02E2CE32D56E49C0039D762 /* ClipStackTests */ = {
			isa = PBXFileSystemSynchronizedRootGroup;
			path = ClipStackTests;
			sourceTree = "<group>";
		};
		F02E2CED2D56E49C0039D762 /* ClipStackUITests */ = {
			isa = PBXFileSystemSynchronizedRootGroup;
			path = ClipStackUITests;
			sourceTree = "<group>";
		};
/* End PBXFileSystemSynchronizedRootGroup section */

/* Begin PBXFrameworksBuildPhase section */
		F02E2CCC2D56E49B0039D762 /* Frameworks */ = {
			isa = PBXFrameworksBuildPhase;
			buildActionMask = 2147483647;
			files = (
			);
			runOnlyForDeploymentPostprocessing = 0;
		};
		F02E2CDD2D56E49C0039D762 /* Frameworks */ = {
			isa = PBXFrameworksBuildPhase;
			buildActionMask = 2147483647;
			files = (
			);
			runOnlyForDeploymentPostprocessing = 0;
		};
		F02E2CE72D56E49C0039D762 /* Frameworks */ = {
			isa = PBXFrameworksBuildPhase;
			buildActionMask = 2147483647;
			files = (
			);
			runOnlyForDeploymentPostprocessing = 0;
		};
/* End PBXFrameworksBuildPhase section */

/* Begin PBXGroup section */
		F02E2CC62D56E49B0039D762 = {
			isa = PBXGroup;
			children = (
				F02E2CD12D56E49B0039D762 /* ClipStack */,
				F02E2CE32D56E49C0039D762 /* ClipStackTests */,
				F02E2CED2D56E49C0039D762 /* ClipStackUITests */,
				F02E2CD02D56E49B0039D762 /* Products */,
			);
			sourceTree = "<group>";
		};
		F02E2CD02D56E49B0039D762 /* Products */ = {
			isa = PBXGroup;
			children = (
				F02E2CCF2D56E49B0039D762 /* ClipStack.app */,
				F02E2CE02D56E49C0039D762 /* ClipStackTests.xctest */,
				F02E2CEA2D56E49C0039D762 /* ClipStackUITests.xctest */,
			);
			name = Products;
			sourceTree = "<group>";
		};
/* End PBXGroup section */

/* Begin PBXNativeTarget section */
		F02E2CCE2D56E49B0039D762 /* ClipStack */ = {
			isa = PBXNativeTarget;
			buildConfigurationList = F02E2CF42D56E49C0039D762 /* Build configuration list for PBXNativeTarget "ClipStack" */;
			buildPhases = (
				F02E2CCB2D56E49B0039D762 /* Sources */,
				F02E2CCC2D56E49B0039D762 /* Frameworks */,
				F02E2CCD2D56E49B0039D762 /* Resources */,
			);
			buildRules = (
			);
			dependencies = (
			);
			fileSystemSynchronizedGroups = (
				F02E2CD12D56E49B0039D762 /* ClipStack */,
			);
			name = ClipStack;
			packageProductDependencies = (
			);
			productName = ClipStack;
			productReference = F02E2CCF2D56E49B0039D762 /* ClipStack.app */;
			productType = "com.apple.product-type.application";
		};
		F02E2CDF2D56E49C0039D762 /* ClipStackTests */ = {
			isa = PBXNativeTarget;
			buildConfigurationList = F02E2CF72D56E49C0039D762 /* Build configuration list for PBXNativeTarget "ClipStackTests" */;
			buildPhases = (
				F02E2CDC2D56E49C0039D762 /* Sources */,
				F02E2CDD2D56E49C0039D762 /* Frameworks */,
				F02E2CDE2D56E49C0039D762 /* Resources */,
			);
			buildRules = (
			);
			dependencies = (
				F02E2CE22D56E49C0039D762 /* PBXTargetDependency */,
			);
			fileSystemSynchronizedGroups = (
				F02E2CE32D56E49C0039D762 /* ClipStackTests */,
			);
			name = ClipStackTests;
			packageProductDependencies = (
			);
			productName = ClipStackTests;
			productReference = F02E2CE02D56E49C0039D762 /* ClipStackTests.xctest */;
			productType = "com.apple.product-type.bundle.unit-test";
		};
		F02E2CE92D56E49C0039D762 /* ClipStackUITests */ = {
			isa = PBXNativeTarget;
			buildConfigurationList = F02E2CFA2D56E49C0039D762 /* Build configuration list for PBXNativeTarget "ClipStackUITests" */;
			buildPhases = (
				F02E2CE62D56E49C0039D762 /* Sources */,
				F02E2CE72D56E49C0039D762 /* Frameworks */,
				F02E2CE82D56E49C0039D762 /* Resources */,
			);
			buildRules = (
			);
			dependencies = (
				F02E2CEC2D56E49C0039D762 /* PBXTargetDependency */,
			);
			fileSystemSynchronizedGroups = (
				F02E2CED2D56E49C0039D762 /* ClipStackUITests */,
			);
			name = ClipStackUITests;
			packageProductDependencies = (
			);
			productName = ClipStackUITests;
			productReference = F02E2CEA2D56E49C0039D762 /* ClipStackUITests.xctest */;
			productType = "com.apple.product-type.bundle.ui-testing";
		};
/* End PBXNativeTarget section */

/* Begin PBXProject section */
		F02E2CC72D56E49B0039D762 /* Project object */ = {
			isa = PBXProject;
			attributes = {
				BuildIndependentTargetsInParallel = 1;
				LastSwiftUpdateCheck = 1620;
				LastUpgradeCheck = 1620;
				TargetAttributes = {
					F02E2CCE2D56E49B0039D762 = {
						CreatedOnToolsVersion = 16.2;
					};
					F02E2CDF2D56E49C0039D762 = {
						CreatedOnToolsVersion = 16.2;
						TestTargetID = F02E2CCE2D56E49B0039D762;
					};
					F02E2CE92D56E49C0039D762 = {
						CreatedOnToolsVersion = 16.2;
						TestTargetID = F02E2CCE2D56E49B0039D762;
					};
				};
			};
			buildConfigurationList = F02E2CCA2D56E49B0039D762 /* Build configuration list for PBXProject "ClipStack" */;
			developmentRegion = en;
			hasScannedForEncodings = 0;
			knownRegions = (
				en,
				Base,
			);
			mainGroup = F02E2CC62D56E49B0039D762;
			minimizedProjectReferenceProxies = 1;
			preferredProjectObjectVersion = 77;
			productRefGroup = F02E2CD02D56E49B0039D762 /* Products */;
			projectDirPath = "";
			projectRoot = "";
			targets = (
				F02E2CCE2D56E49B0039D762 /* ClipStack */,
				F02E2CDF2D56E49C0039D762 /* ClipStackTests */,
				F02E2CE92D56E49C0039D762 /* ClipStackUITests */,
			);
		};
/* End PBXProject section */

/* Begin PBXResourcesBuildPhase section */
		F02E2CCD2D56E49B0039D762 /* Resources */ = {
			isa = PBXResourcesBuildPhase;
			buildActionMask = 2147483647;
			files = (
			);
			runOnlyForDeploymentPostprocessing = 0;
		};
		F02E2CDE2D56E49C0039D762 /* Resources */ = {
			isa = PBXResourcesBuildPhase;
			buildActionMask = 2147483647;
			files = (
			);
			runOnlyForDeploymentPostprocessing = 0;
		};
		F02E2CE82D56E49C0039D762 /* Resources */ = {
			isa = PBXResourcesBuildPhase;
			buildActionMask = 2147483647;
			files = (
			);
			runOnlyForDeploymentPostprocessing = 0;
		};
/* End PBXResourcesBuildPhase section */

/* Begin PBXSourcesBuildPhase section */
		F02E2CCB2D56E49B0039D762 /* Sources */ = {
			isa = PBXSourcesBuildPhase;
			buildActionMask = 2147483647;
			files = (
			);
			runOnlyForDeploymentPostprocessing = 0;
		};
		F02E2CDC2D56E49C0039D762 /* Sources */ = {
			isa = PBXSourcesBuildPhase;
			buildActionMask = 2147483647;
			files = (
			);
			runOnlyForDeploymentPostprocessing = 0;
		};
		F02E2CE62D56E49C0039D762 /* Sources */ = {
			isa = PBXSourcesBuildPhase;
			buildActionMask = 2147483647;
			files = (
			);
			runOnlyForDeploymentPostprocessing = 0;
		};
/* End PBXSourcesBuildPhase section */

/* Begin PBXTargetDependency section */
		F02E2CE22D56E49C0039D762 /* PBXTargetDependency */ = {
			isa = PBXTargetDependency;
			target = F02E2CCE2D56E49B0039D762 /* ClipStack */;
			targetProxy = F02E2CE12D56E49C0039D762 /* PBXContainerItemProxy */;
		};
		F02E2CEC2D56E49C0039D762 /* PBXTargetDependency */ = {
			isa = PBXTargetDependency;
			target = F02E2CCE2D56E49B0039D762 /* ClipStack */;
			targetProxy = F02E2CEB2D56E49C0039D762 /* PBXContainerItemProxy */;
		};
/* End PBXTargetDependency section */

/* Begin XCBuildConfiguration section */
		F02E2CF22D56E49C0039D762 /* Debug */ = {
			isa = XCBuildConfiguration;
			buildSettings = {
				ALWAYS_SEARCH_USER_PATHS = NO;
				ASSETCATALOG_COMPILER_GENERATE_SWIFT_ASSET_SYMBOL_EXTENSIONS = YES;
				CLANG_ANALYZER_NONNULL = YES;
				CLANG_ANALYZER_NUMBER_OBJECT_CONVERSION = YES_AGGRESSIVE;
				CLANG_CXX_LANGUAGE_STANDARD = "gnu++20";
				CLANG_ENABLE_MODULES = YES;
				CLANG_ENABLE_OBJC_ARC = YES;
				CLANG_ENABLE_OBJC_WEAK = YES;
				CLANG_WARN_BLOCK_CAPTURE_AUTORELEASING = YES;
				CLANG_WARN_BOOL_CONVERSION = YES;
				CLANG_WARN_COMMA = YES;
				CLANG_WARN_CONSTANT_CONVERSION = YES;
				CLANG_WARN_DEPRECATED_OBJC_IMPLEMENTATIONS = YES;
				CLANG_WARN_DIRECT_OBJC_ISA_USAGE = YES_ERROR;
				CLANG_WARN_DOCUMENTATION_COMMENTS = YES;
				CLANG_WARN_EMPTY_BODY = YES;
				CLANG_WARN_ENUM_CONVERSION = YES;
				CLANG_WARN_INFINITE_RECURSION = YES;
				CLANG_WARN_INT_CONVERSION = YES;
				CLANG_WARN_NON_LITERAL_NULL_CONVERSION = YES;
				CLANG_WARN_OBJC_IMPLICIT_RETAIN_SELF = YES;
				CLANG_WARN_OBJC_LITERAL_CONVERSION = YES;
				CLANG_WARN_OBJC_ROOT_CLASS = YES_ERROR;
				CLANG_WARN_QUOTED_INCLUDE_IN_FRAMEWORK_HEADER = YES;
				CLANG_WARN_RANGE_LOOP_ANALYSIS = YES;
				CLANG_WARN_STRICT_PROTOTYPES = YES;
				CLANG_WARN_SUSPICIOUS_MOVE = YES;
				CLANG_WARN_UNGUARDED_AVAILABILITY = YES_AGGRESSIVE;
				CLANG_WARN_UNREACHABLE_CODE = YES;
				CLANG_WARN__DUPLICATE_METHOD_MATCH = YES;
				COPY_PHASE_STRIP = NO;
				DEBUG_INFORMATION_FORMAT = dwarf;
				ENABLE_STRICT_OBJC_MSGSEND = YES;
				ENABLE_TESTABILITY = YES;
				ENABLE_USER_SCRIPT_SANDBOXING = YES;
				GCC_C_LANGUAGE_STANDARD = gnu17;
				GCC_DYNAMIC_NO_PIC = NO;
				GCC_NO_COMMON_BLOCKS = YES;
				GCC_OPTIMIZATION_LEVEL = 0;
				GCC_PREPROCESSOR_DEFINITIONS = (
					"DEBUG=1",
					"$(inherited)",
				);
				GCC_WARN_64_TO_32_BIT_CONVERSION = YES;
				GCC_WARN_ABOUT_RETURN_TYPE = YES_ERROR;
				GCC_WARN_UNDECLARED_SELECTOR = YES;
				GCC_WARN_UNINITIALIZED_AUTOS = YES_AGGRESSIVE;
				GCC_WARN_UNUSED_FUNCTION = YES;
				GCC_WARN_UNUSED_VARIABLE = YES;
				LOCALIZATION_PREFERS_STRING_CATALOGS = YES;
				MACOSX_DEPLOYMENT_TARGET = 15.2;
				MTL_ENABLE_DEBUG_INFO = INCLUDE_SOURCE;
				MTL_FAST_MATH = YES;
				ONLY_ACTIVE_ARCH = YES;
				SDKROOT = macosx;
				SWIFT_ACTIVE_COMPILATION_CONDITIONS = "DEBUG $(inherited)";
				SWIFT_OPTIMIZATION_LEVEL = "-Onone";
			};
			name = Debug;
		};
		F02E2CF32D56E49C0039D762 /* Release */ = {
			isa = XCBuildConfiguration;
			buildSettings = {
				ALWAYS_SEARCH_USER_PATHS = NO;
				ASSETCATALOG_COMPILER_GENERATE_SWIFT_ASSET_SYMBOL_EXTENSIONS = YES;
				CLANG_ANALYZER_NONNULL = YES;
				CLANG_ANALYZER_NUMBER_OBJECT_CONVERSION = YES_AGGRESSIVE;
				CLANG_CXX_LANGUAGE_STANDARD = "gnu++20";
				CLANG_ENABLE_MODULES = YES;
				CLANG_ENABLE_OBJC_ARC = YES;
				CLANG_ENABLE_OBJC_WEAK = YES;
				CLANG_WARN_BLOCK_CAPTURE_AUTORELEASING = YES;
				CLANG_WARN_BOOL_CONVERSION = YES;
				CLANG_WARN_COMMA = YES;
				CLANG_WARN_CONSTANT_CONVERSION = YES;
				CLANG_WARN_DEPRECATED_OBJC_IMPLEMENTATIONS = YES;
				CLANG_WARN_DIRECT_OBJC_ISA_USAGE = YES_ERROR;
				CLANG_WARN_DOCUMENTATION_COMMENTS = YES;
				CLANG_WARN_EMPTY_BODY = YES;
				CLANG_WARN_ENUM_CONVERSION = YES;
				CLANG_WARN_INFINITE_RECURSION = YES;
				CLANG_WARN_INT_CONVERSION = YES;
				CLANG_WARN_NON_LITERAL_NULL_CONVERSION = YES;
				CLANG_WARN_OBJC_IMPLICIT_RETAIN_SELF = YES;
				CLANG_WARN_OBJC_LITERAL_CONVERSION = YES;
				CLANG_WARN_OBJC_ROOT_CLASS = YES_ERROR;
				CLANG_WARN_QUOTED_INCLUDE_IN_FRAMEWORK_HEADER = YES;
				CLANG_WARN_RANGE_LOOP_ANALYSIS = YES;
				CLANG_WARN_STRICT_PROTOTYPES = YES;
				CLANG_WARN_SUSPICIOUS_MOVE = YES;
				CLANG_WARN_UNGUARDED_AVAILABILITY = YES_AGGRESSIVE;
				CLANG_WARN_UNREACHABLE_CODE = YES;
				CLANG_WARN__DUPLICATE_METHOD_MATCH = YES;
				COPY_PHASE_STRIP = NO;
				DEBUG_INFORMATION_FORMAT = "dwarf-with-dsym";
				ENABLE_NS_ASSERTIONS = NO;
				ENABLE_STRICT_OBJC_MSGSEND = YES;
				ENABLE_USER_SCRIPT_SANDBOXING = YES;
				GCC_C_LANGUAGE_STANDARD = gnu17;
				GCC_NO_COMMON_BLOCKS = YES;
				GCC_WARN_64_TO_32_BIT_CONVERSION = YES;
				GCC_WARN_ABOUT_RETURN_TYPE = YES_ERROR;
				GCC_WARN_UNDECLARED_SELECTOR = YES;
				GCC_WARN_UNINITIALIZED_AUTOS = YES_AGGRESSIVE;
				GCC_WARN_UNUSED_FUNCTION = YES;
				GCC_WARN_UNUSED_VARIABLE = YES;
				LOCALIZATION_PREFERS_STRING_CATALOGS = YES;
				MACOSX_DEPLOYMENT_TARGET = 15.2;
				MTL_ENABLE_DEBUG_INFO = NO;
				MTL_FAST_MATH = YES;
				SDKROOT = macosx;
				SWIFT_COMPILATION_MODE = wholemodule;
			};
			name = Release;
		};
		F02E2CF52D56E49C0039D762 /* Debug */ = {
			isa = XCBuildConfiguration;
			buildSettings = {
				ASSETCATALOG_COMPILER_APPICON_NAME = AppIcon;
				ASSETCATALOG_COMPILER_GLOBAL_ACCENT_COLOR_NAME = AccentColor;
				CODE_SIGN_ENTITLEMENTS = ClipStack/ClipStack.entitlements;
				CODE_SIGN_STYLE = Automatic;
				COMBINE_HIDPI_IMAGES = YES;
				CURRENT_PROJECT_VERSION = 1;
				DEVELOPMENT_ASSET_PATHS = "\"ClipStack/Preview Content\"";
				ENABLE_PREVIEWS = YES;
				GENERATE_INFOPLIST_FILE = YES;
				INFOPLIST_KEY_NSHumanReadableCopyright = "";
				LD_RUNPATH_SEARCH_PATHS = (
					"$(inherited)",
					"@executable_path/../Frameworks",
				);
				MARKETING_VERSION = 1.0;
				PRODUCT_BUNDLE_IDENTIFIER = com.kyleerikson.ClipStack;
				PRODUCT_NAME = "$(TARGET_NAME)";
				SWIFT_EMIT_LOC_STRINGS = YES;
				SWIFT_VERSION = 5.0;
			};
			name = Debug;
		};
		F02E2CF62D56E49C0039D762 /* Release */ = {
			isa = XCBuildConfiguration;
			buildSettings = {
				ASSETCATALOG_COMPILER_APPICON_NAME = AppIcon;
				ASSETCATALOG_COMPILER_GLOBAL_ACCENT_COLOR_NAME = AccentColor;
				CODE_SIGN_ENTITLEMENTS = ClipStack/ClipStack.entitlements;
				CODE_SIGN_STYLE = Automatic;
				COMBINE_HIDPI_IMAGES = YES;
				CURRENT_PROJECT_VERSION = 1;
				DEVELOPMENT_ASSET_PATHS = "\"ClipStack/Preview Content\"";
				ENABLE_PREVIEWS = YES;
				GENERATE_INFOPLIST_FILE = YES;
				INFOPLIST_KEY_NSHumanReadableCopyright = "";
				LD_RUNPATH_SEARCH_PATHS = (
					"$(inherited)",
					"@executable_path/../Frameworks",
				);
				MARKETING_VERSION = 1.0;
				PRODUCT_BUNDLE_IDENTIFIER = com.kyleerikson.ClipStack;
				PRODUCT_NAME = "$(TARGET_NAME)";
				SWIFT_EMIT_LOC_STRINGS = YES;
				SWIFT_VERSION = 5.0;
			};
			name = Release;
		};
		F02E2CF82D56E49C0039D762 /* Debug */ = {
			isa = XCBuildConfiguration;
			buildSettings = {
				BUNDLE_LOADER = "$(TEST_HOST)";
				CODE_SIGN_STYLE = Automatic;
				CURRENT_PROJECT_VERSION = 1;
				GENERATE_INFOPLIST_FILE = YES;
				MACOSX_DEPLOYMENT_TARGET = 15.2;
				MARKETING_VERSION = 1.0;
				PRODUCT_BUNDLE_IDENTIFIER = com.kyleerikson.ClipStackTests;
				PRODUCT_NAME = "$(TARGET_NAME)";
				SWIFT_EMIT_LOC_STRINGS = NO;
				SWIFT_VERSION = 5.0;
				TEST_HOST = "$(BUILT_PRODUCTS_DIR)/ClipStack.app/$(BUNDLE_EXECUTABLE_FOLDER_PATH)/ClipStack";
			};
			name = Debug;
		};
		F02E2CF92D56E49C0039D762 /* Release */ = {
			isa = XCBuildConfiguration;
			buildSettings = {
				BUNDLE_LOADER = "$(TEST_HOST)";
				CODE_SIGN_STYLE = Automatic;
				CURRENT_PROJECT_VERSION = 1;
				GENERATE_INFOPLIST_FILE = YES;
				MACOSX_DEPLOYMENT_TARGET = 15.2;
				MARKETING_VERSION = 1.0;
				PRODUCT_BUNDLE_IDENTIFIER = com.kyleerikson.ClipStackTests;
				PRODUCT_NAME = "$(TARGET_NAME)";
				SWIFT_EMIT_LOC_STRINGS = NO;
				SWIFT_VERSION = 5.0;
				TEST_HOST = "$(BUILT_PRODUCTS_DIR)/ClipStack.app/$(BUNDLE_EXECUTABLE_FOLDER_PATH)/ClipStack";
			};
			name = Release;
		};
		F02E2CFB2D56E49C0039D762 /* Debug */ = {
			isa = XCBuildConfiguration;
			buildSettings = {
				CODE_SIGN_STYLE = Automatic;
				CURRENT_PROJECT_VERSION = 1;
				GENERATE_INFOPLIST_FILE = YES;
				MARKETING_VERSION = 1.0;
				PRODUCT_BUNDLE_IDENTIFIER = com.kyleerikson.ClipStackUITests;
				PRODUCT_NAME = "$(TARGET_NAME)";
				SWIFT_EMIT_LOC_STRINGS = NO;
				SWIFT_VERSION = 5.0;
				TEST_TARGET_NAME = ClipStack;
			};
			name = Debug;
		};
		F02E2CFC2D56E49C0039D762 /* Release */ = {
			isa = XCBuildConfiguration;
			buildSettings = {
				CODE_SIGN_STYLE = Automatic;
				CURRENT_PROJECT_VERSION = 1;
				GENERATE_INFOPLIST_FILE = YES;
				MARKETING_VERSION = 1.0;
				PRODUCT_BUNDLE_IDENTIFIER = com.kyleerikson.ClipStackUITests;
				PRODUCT_NAME = "$(TARGET_NAME)";
				SWIFT_EMIT_LOC_STRINGS = NO;
				SWIFT_VERSION = 5.0;
				TEST_TARGET_NAME = ClipStack;
			};
			name = Release;
		};
/* End XCBuildConfiguration section */

/* Begin XCConfigurationList section */
		F02E2CCA2D56E49B0039D762 /* Build configuration list for PBXProject "ClipStack" */ = {
			isa = XCConfigurationList;
			buildConfigurations = (
				F02E2CF22D56E49C0039D762 /* Debug */,
				F02E2CF32D56E49C0039D762 /* Release */,
			);
			defaultConfigurationIsVisible = 0;
			defaultConfigurationName = Release;
		};
		F02E2CF42D56E49C0039D762 /* Build configuration list for PBXNativeTarget "ClipStack" */ = {
			isa = XCConfigurationList;
			buildConfigurations = (
				F02E2CF52D56E49C0039D762 /* Debug */,
				F02E2CF62D56E49C0039D762 /* Release */,
			);
			defaultConfigurationIsVisible = 0;
			defaultConfigurationName = Release;
		};
		F02E2CF72D56E49C0039D762 /* Build configuration list for PBXNativeTarget "ClipStackTests" */ = {
			isa = XCConfigurationList;
			buildConfigurations = (
				F02E2CF82D56E49C0039D762 /* Debug */,
				F02E2CF92D56E49C0039D762 /* Release */,
			);
			defaultConfigurationIsVisible = 0;
			defaultConfigurationName = Release;
		};
		F02E2CFA2D56E49C0039D762 /* Build configuration list for PBXNativeTarget "ClipStackUITests" */ = {
			isa = XCConfigurationList;
			buildConfigurations = (
				F02E2CFB2D56E49C0039D762 /* Debug */,
				F02E2CFC2D56E49C0039D762 /* Release */,
			);
			defaultConfigurationIsVisible = 0;
			defaultConfigurationName = Release;
		};
/* End XCConfigurationList section */
	};
	rootObject = F02E2CC72D56E49B0039D762 /* Project object */;
}
